
Microsoft Visual Studio Solution File, Format Version 12.00
# Visual Studio Version 17
VisualStudioVersion = 17.11.35312.102
MinimumVisualStudioVersion = 10.0.40219.1
Project("{9A19103F-16F7-4668-BE54-9A1E7A4F7556}") = "ProjetoTeste", "ProjetoTeste\ProjetoTeste.csproj", "{794C185E-783A-4834-934F-FA87B437F8A6}"
EndProject
Project("{9A19103F-16F7-4668-BE54-9A1E7A4F7556}") = "TestCalculator", "TesteCalculadora\TestCalculator.csproj", "{116A0244-A8A2-485E-9F4F-12C47582FE8F}"
EndProject
Global
	GlobalSection(SolutionConfigurationPlatforms) = preSolution
		Debug|Any CPU = Debug|Any CPU
		Release|Any CPU = Release|Any CPU
	EndGlobalSection
	GlobalSection(ProjectConfigurationPlatforms) = postSolution
		{794C185E-783A-4834-934F-FA87B437F8A6}.Debug|Any CPU.ActiveCfg = Debug|Any CPU
		{794C185E-783A-4834-934F-FA87B437F8A6}.Debug|Any CPU.Build.0 = Debug|Any CPU
		{794C185E-783A-4834-934F-FA87B437F8A6}.Release|Any CPU.ActiveCfg = Release|Any CPU
		{794C185E-783A-4834-934F-FA87B437F8A6}.Release|Any CPU.Build.0 = Release|Any CPU
		{116A0244-A8A2-485E-9F4F-12C47582FE8F}.Debug|Any CPU.ActiveCfg = Debug|Any CPU
		{116A0244-A8A2-485E-9F4F-12C47582FE8F}.Debug|Any CPU.Build.0 = Debug|Any CPU
		{116A0244-A8A2-485E-9F4F-12C47582FE8F}.Release|Any CPU.ActiveCfg = Release|Any CPU
		{116A0244-A8A2-485E-9F4F-12C47582FE8F}.Release|Any CPU.Build.0 = Release|Any CPU
	EndGlobalSection
	GlobalSection(SolutionProperties) = preSolution
		HideSolutionNode = FALSE
	EndGlobalSection
	GlobalSection(ExtensibilityGlobals) = postSolution
		SolutionGuid = {0A75813B-01C9-4675-912C-0E12236AF745}
	EndGlobalSection
EndGlobal
